
Microsoft Visual Studio Solution File, Format Version 12.00
# Visual Studio Version 16
VisualStudioVersion = 16.0.30717.126
MinimumVisualStudioVersion = 10.0.40219.1
Project("{FAE04EC0-301F-11D3-BF4B-00C04F79EFBC}") = "workermanage", "workermanage.csproj", "{2AB29B1B-B380-48E8-8E13-B4CD602A7B19}"
EndProject
Global
	GlobalSection(SolutionConfigurationPlatforms) = preSolution
		Debug|Any CPU = Debug|Any CPU
		Release|Any CPU = Release|Any CPU
	EndGlobalSection
	GlobalSection(ProjectConfigurationPlatforms) = postSolution
		{2AB29B1B-B380-48E8-8E13-B4CD602A7B19}.Debug|Any CPU.ActiveCfg = Debug|Any CPU
		{2AB29B1B-B380-48E8-8E13-B4CD602A7B19}.Debug|Any CPU.Build.0 = Debug|Any CPU
		{2AB29B1B-B380-48E8-8E13-B4CD602A7B19}.Release|Any CPU.ActiveCfg = Release|Any CPU
		{2AB29B1B-B380-48E8-8E13-B4CD602A7B19}.Release|Any CPU.Build.0 = Release|Any CPU
	EndGlobalSection
	GlobalSection(SolutionProperties) = preSolution
		HideSolutionNode = FALSE
	EndGlobalSection
	GlobalSection(ExtensibilityGlobals) = postSolution
		SolutionGuid = {870199CF-3E9A-4B45-A9DE-0D53AF02F90D}
	EndGlobalSection
EndGlobal
