
Microsoft Visual Studio Solution File, Format Version 12.00
# Visual Studio Version 16
VisualStudioVersion = 16.0.29613.14
MinimumVisualStudioVersion = 10.0.40219.1
Project("{FAE04EC0-301F-11D3-BF4B-00C04F79EFBC}") = "HIS", "HIS.csproj", "{6E10E8AE-C4D4-48AB-A20B-165FEA5F5917}"
EndProject
Global
	GlobalSection(SolutionConfigurationPlatforms) = preSolution
		Debug|Any CPU = Debug|Any CPU
		Release|Any CPU = Release|Any CPU
	EndGlobalSection
	GlobalSection(ProjectConfigurationPlatforms) = postSolution
		{6E10E8AE-C4D4-48AB-A20B-165FEA5F5917}.Debug|Any CPU.ActiveCfg = Debug|Any CPU
		{6E10E8AE-C4D4-48AB-A20B-165FEA5F5917}.Debug|Any CPU.Build.0 = Debug|Any CPU
		{6E10E8AE-C4D4-48AB-A20B-165FEA5F5917}.Release|Any CPU.ActiveCfg = Release|Any CPU
		{6E10E8AE-C4D4-48AB-A20B-165FEA5F5917}.Release|Any CPU.Build.0 = Release|Any CPU
	EndGlobalSection
	GlobalSection(SolutionProperties) = preSolution
		HideSolutionNode = FALSE
	EndGlobalSection
	GlobalSection(ExtensibilityGlobals) = postSolution
		SolutionGuid = {BDE097D5-59EF-4F3A-915D-A5C9E7638BE9}
	EndGlobalSection
EndGlobal
