
Microsoft Visual Studio Solution File, Format Version 12.00
# Visual Studio 15
VisualStudioVersion = 15.0.28307.1267
MinimumVisualStudioVersion = 10.0.40219.1
Project("{FAE04EC0-301F-11D3-BF4B-00C04F79EFBC}") = "exp1", "exp1\exp1.csproj", "{1D15E591-96B6-4FB0-B281-3EFFFF0C0D7F}"
EndProject
Global
	GlobalSection(SolutionConfigurationPlatforms) = preSolution
		Debug|Any CPU = Debug|Any CPU
		Release|Any CPU = Release|Any CPU
	EndGlobalSection
	GlobalSection(ProjectConfigurationPlatforms) = postSolution
		{1D15E591-96B6-4FB0-B281-3EFFFF0C0D7F}.Debug|Any CPU.ActiveCfg = Debug|Any CPU
		{1D15E591-96B6-4FB0-B281-3EFFFF0C0D7F}.Debug|Any CPU.Build.0 = Debug|Any CPU
		{1D15E591-96B6-4FB0-B281-3EFFFF0C0D7F}.Release|Any CPU.ActiveCfg = Release|Any CPU
		{1D15E591-96B6-4FB0-B281-3EFFFF0C0D7F}.Release|Any CPU.Build.0 = Release|Any CPU
	EndGlobalSection
	GlobalSection(SolutionProperties) = preSolution
		HideSolutionNode = FALSE
	EndGlobalSection
	GlobalSection(ExtensibilityGlobals) = postSolution
		SolutionGuid = {385869F9-DCAE-4554-B1B2-E4067CFEDAE0}
	EndGlobalSection
EndGlobal
