
Microsoft Visual Studio Solution File, Format Version 12.00
# Visual Studio Version 16
VisualStudioVersion = 16.0.31424.327
MinimumVisualStudioVersion = 10.0.40219.1
Project("{FAE04EC0-301F-11D3-BF4B-00C04F79EFBC}") = "图书管理系统", "图书管理系统\图书管理系统.csproj", "{BACE2455-7481-42E0-8357-AB50F9C87355}"
EndProject
Global
	GlobalSection(SolutionConfigurationPlatforms) = preSolution
		Debug|Any CPU = Debug|Any CPU
		Release|Any CPU = Release|Any CPU
	EndGlobalSection
	GlobalSection(ProjectConfigurationPlatforms) = postSolution
		{BACE2455-7481-42E0-8357-AB50F9C87355}.Debug|Any CPU.ActiveCfg = Debug|Any CPU
		{BACE2455-7481-42E0-8357-AB50F9C87355}.Debug|Any CPU.Build.0 = Debug|Any CPU
		{BACE2455-7481-42E0-8357-AB50F9C87355}.Release|Any CPU.ActiveCfg = Release|Any CPU
		{BACE2455-7481-42E0-8357-AB50F9C87355}.Release|Any CPU.Build.0 = Release|Any CPU
	EndGlobalSection
	GlobalSection(SolutionProperties) = preSolution
		HideSolutionNode = FALSE
	EndGlobalSection
	GlobalSection(ExtensibilityGlobals) = postSolution
		SolutionGuid = {74B50F2F-C9F6-47AE-B157-B187E175FE34}
	EndGlobalSection
EndGlobal
