
Microsoft Visual Studio Solution File, Format Version 12.00
# Visual Studio Version 16
VisualStudioVersion = 16.0.31402.337
MinimumVisualStudioVersion = 10.0.40219.1
Project("{FAE04EC0-301F-11D3-BF4B-00C04F79EFBC}") = "forecast", "forecast\forecast.csproj", "{D707740A-67E9-4BB3-AEFC-0E2658A16F14}"
EndProject
Global
	GlobalSection(SolutionConfigurationPlatforms) = preSolution
		Debug|Any CPU = Debug|Any CPU
		Release|Any CPU = Release|Any CPU
	EndGlobalSection
	GlobalSection(ProjectConfigurationPlatforms) = postSolution
		{D707740A-67E9-4BB3-AEFC-0E2658A16F14}.Debug|Any CPU.ActiveCfg = Debug|Any CPU
		{D707740A-67E9-4BB3-AEFC-0E2658A16F14}.Debug|Any CPU.Build.0 = Debug|Any CPU
		{D707740A-67E9-4BB3-AEFC-0E2658A16F14}.Release|Any CPU.ActiveCfg = Release|Any CPU
		{D707740A-67E9-4BB3-AEFC-0E2658A16F14}.Release|Any CPU.Build.0 = Release|Any CPU
	EndGlobalSection
	GlobalSection(SolutionProperties) = preSolution
		HideSolutionNode = FALSE
	EndGlobalSection
	GlobalSection(ExtensibilityGlobals) = postSolution
		SolutionGuid = {38486197-EBEA-4E95-A16E-FC93ACB25A6B}
	EndGlobalSection
EndGlobal
